<?xml version="1.0" encoding="utf-8"?>
<Project ToolsVersion="4.0" xmlns="http://schemas.microsoft.com/developer/msbuild/2003">
  <ItemGroup>
    <Filter Include="Source Files">
      <UniqueIdentifier>{4FC737F1-C7A5-4376-A066-2A32D752A2FF}</UniqueIdentifier>
      <Extensions>cpp;c;cc;cxx;def;odl;idl;hpj;bat;asm;asmx</Extensions>
    </Filter>
    <Filter Include="Header Files">
      <UniqueIdentifier>{93995380-89BD-4b04-88EB-625FBE52EBFB}</UniqueIdentifier>
      <Extensions>h;hh;hpp;hxx;hm;inl;inc;xsd</Extensions>
    </Filter>
    <Filter Include="Resource Files">
      <UniqueIdentifier>{67DA6AB6-F800-4c08-8B7A-83BB121AAD01}</UniqueIdentifier>
      <Extensions>rc;ico;cur;bmp;dlg;rc2;rct;bin;rgs;gif;jpg;jpeg;jpe;resx;tiff;tif;png;wav;mfcribbon-ms</Extensions>
    </Filter>
    <Filter Include="Resource Files\Deferred">
      <UniqueIdentifier>{59305eb2-2856-4f87-aa98-efd73db429bb}</UniqueIdentifier>
    </Filter>
    <Filter Include="Resource Files\Shadows">
      <UniqueIdentifier>{6d7b907e-80b5-4921-9d4c-1cab5bdfa14b}</UniqueIdentifier>
    </Filter>
  </ItemGroup>
  <ItemGroup>
    <ClInclude Include="Frame.hpp">
      <Filter>Header Files</Filter>
    </ClInclude>
    <ClInclude Include="App.hpp">
      <Filter>Header Files</Filter>
    </ClInclude>
    <ClInclude Include="AppScreen.hpp">
      <Filter>Header Files</Filter>
    </ClInclude>
    <ClInclude Include="MenuScreen.hpp">
      <Filter>Header Files</Filter>
    </ClInclude>
  </ItemGroup>
  <ItemGroup>
    <ClCompile Include="Frame.cpp">
      <Filter>Source Files</Filter>
    </ClCompile>
    <ClCompile Include="App.cpp">
      <Filter>Source Files</Filter>
    </ClCompile>
    <ClCompile Include="AppScreen.cpp">
      <Filter>Source Files</Filter>
    </ClCompile>
    <ClCompile Include="MenuScreen.cpp">
      <Filter>Source Files</Filter>
    </ClCompile>
    <ClCompile Include="Source.cpp">
      <Filter>Source Files</Filter>
    </ClCompile>
  </ItemGroup>
  <ItemGroup>
    <None Include="Shaders\fragment.glsl">
      <Filter>Resource Files</Filter>
    </None>
    <None Include="Shaders\vertex.glsl">
      <Filter>Resource Files</Filter>
    </None>
    <None Include="Shaders\framebuffer.frag.glsl">
      <Filter>Resource Files</Filter>
    </None>
    <None Include="Shaders\framebuffer.vert.glsl">
      <Filter>Resource Files</Filter>
    </None>
    <None Include="Shaders\shadowmap.frag.glsl">
      <Filter>Resource Files</Filter>
    </None>
    <None Include="Shaders\shadowmap.vert.glsl">
      <Filter>Resource Files</Filter>
    </None>
    <None Include="Shaders\shadowmapFinal.frag.glsl">
      <Filter>Resource Files</Filter>
    </None>
    <None Include="Shaders\shadowmapFinal.vert.glsl">
      <Filter>Resource Files</Filter>
    </None>
    <None Include="Shaders\gaussianBlur.frag.glsl">
      <Filter>Resource Files</Filter>
    </None>
    <None Include="Shaders\gaussianBlur.vert.glsl">
      <Filter>Resource Files</Filter>
    </None>
    <None Include="Shaders\simple.vert.glsl">
      <Filter>Resource Files</Filter>
    </None>
    <None Include="Shaders\simple.frag.glsl">
      <Filter>Resource Files</Filter>
    </None>
    <None Include="Shaders\DeferredRenderer\final.frag.glsl">
      <Filter>Resource Files\Deferred</Filter>
    </None>
    <None Include="Shaders\DeferredRenderer\final.vert.glsl">
      <Filter>Resource Files\Deferred</Filter>
    </None>
    <None Include="Shaders\DeferredRenderer\geo.frag.glsl">
      <Filter>Resource Files\Deferred</Filter>
    </None>
    <None Include="Shaders\DeferredRenderer\geo.vert.glsl">
      <Filter>Resource Files\Deferred</Filter>
    </None>
    <None Include="Shaders\DeferredRenderer\light.frag.glsl">
      <Filter>Resource Files\Deferred</Filter>
    </None>
    <None Include="Shaders\DeferredRenderer\light.vert.glsl">
      <Filter>Resource Files\Deferred</Filter>
    </None>
    <None Include="Shaders\DeferredRenderer\pp.frag.glsl">
      <Filter>Resource Files\Deferred</Filter>
    </None>
    <None Include="Shaders\DeferredRenderer\pp.vert.glsl">
      <Filter>Resource Files\Deferred</Filter>
    </None>
    <None Include="Shaders\Shadows\shadowcube.frag.glsl">
      <Filter>Resource Files\Shadows</Filter>
    </None>
    <None Include="Shaders\Shadows\shadowcube.vert.glsl">
      <Filter>Resource Files\Shadows</Filter>
    </None>
    <None Include="Shaders\Shadows\shadowcubeFinal.frag.glsl">
      <Filter>Resource Files\Shadows</Filter>
    </None>
    <None Include="Shaders\Shadows\shadowcubeFinal.vert.glsl">
      <Filter>Resource Files\Shadows</Filter>
    </None>
    <None Include="Shaders\Shadows\shadowcube.geo.glsl">
      <Filter>Resource Files\Shadows</Filter>
    </None>
  </ItemGroup>
</Project>